
Microsoft Visual Studio Solution File, Format Version 12.00
# Visual Studio Version 17
VisualStudioVersion = 17.12.35527.113
MinimumVisualStudioVersion = 10.0.40219.1
Project("{2150E333-8FDC-42A3-9474-1A3956D46DE8}") = "src", "src", "{760DE308-11F0-46EF-BAFF-92D31554A202}"
EndProject
Project("{FAE04EC0-301F-11D3-BF4B-00C04F79EFBC}") = "Bunker.Domain.Shared", "src\Bunker.Domain.Shared\Bunker.Domain.Shared.csproj", "{05EE4BA4-C13C-406A-BD0C-4F31631ED938}"
EndProject
Project("{2150E333-8FDC-42A3-9474-1A3956D46DE8}") = "Solution Items", "Solution Items", "{2241082D-CCFF-4B06-AD69-41A4FB7BD90B}"
	ProjectSection(SolutionItems) = preProject
		.editorconfig = .editorconfig
		Directory.Build.props = Directory.Build.props
		Directory.Packages.props = Directory.Packages.props
		README.md = README.md
	EndProjectSection
EndProject
Project("{FAE04EC0-301F-11D3-BF4B-00C04F79EFBC}") = "Bunker.Application.Shared", "src\Bunker.Application.Shared\Bunker.Application.Shared.csproj", "{55545976-E606-4F51-B34E-4EE970DDF327}"
EndProject
Project("{FAE04EC0-301F-11D3-BF4B-00C04F79EFBC}") = "Bunker.Game.Domain", "src\Bunker.Game.Domain\Bunker.Game.Domain.csproj", "{B592E565-BC94-4440-B045-ACC75758557D}"
EndProject
Project("{FAE04EC0-301F-11D3-BF4B-00C04F79EFBC}") = "Bunker.Game.API", "src\Bunker.Game.API\Bunker.Game.API.csproj", "{C6749D39-DD06-4C88-AC9B-01F5EF464005}"
EndProject
Project("{FAE04EC0-301F-11D3-BF4B-00C04F79EFBC}") = "Bunker.GameComponents.API", "src\Bunker.GameComponents.API\Bunker.GameComponents.API.csproj", "{E1A1CC12-9D15-453D-88E6-93A23B38CAEF}"
EndProject
Project("{2150E333-8FDC-42A3-9474-1A3956D46DE8}") = "tests", "tests", "{2BE0C0AC-3794-4A75-8C81-E58A9021AEA8}"
EndProject
Project("{FAE04EC0-301F-11D3-BF4B-00C04F79EFBC}") = "Bunker.GameComponents.Tests", "tests\Bunker.GameComponents.Tests\Bunker.GameComponents.Tests.csproj", "{6BEF85CF-0C89-49B9-AF37-CB28AA4BD12D}"
EndProject
Project("{FAE04EC0-301F-11D3-BF4B-00C04F79EFBC}") = "Bunker.Game.Infrastructure", "src\Bunker.Game.Infrastructure\Bunker.Game.Infrastructure.csproj", "{BA4BFF28-628D-40DF-AD56-E340A754DC1C}"
EndProject
Project("{FAE04EC0-301F-11D3-BF4B-00C04F79EFBC}") = "Bunker.Game.Tests", "tests\Bunker.Game.Tests\Bunker.Game.Tests.csproj", "{6C366C53-CF72-484F-8223-B533E6488BA2}"
EndProject
Project("{FAE04EC0-301F-11D3-BF4B-00C04F79EFBC}") = "Bunker.Game.Application", "src\Bunker.Game.Application\Bunker.Game.Application.csproj", "{E5D9BDE6-D89D-4461-8544-36472ACA9C15}"
EndProject
Project("{FAE04EC0-301F-11D3-BF4B-00C04F79EFBC}") = "Bunker.Infrastructure.Shared", "src\Bunker.Infrastructure.Shared\Bunker.Infrastructure.Shared.csproj", "{3C889945-0B47-483B-B73E-29D9918A5395}"
EndProject
Project("{FAE04EC0-301F-11D3-BF4B-00C04F79EFBC}") = "Bunker.ResultCreator.API", "src\Bunker.ResultCreator.API\Bunker.ResultCreator.API.csproj", "{4FF8C8FA-A678-4298-B6A7-2F77EE3359B3}"
EndProject
Project("{2150E333-8FDC-42A3-9474-1A3956D46DE8}") = "BunkerGame", "BunkerGame", "{36D591C7-65C7-A0D1-1CBC-10CDE441BDC8}"
EndProject
Project("{2150E333-8FDC-42A3-9474-1A3956D46DE8}") = "Shared", "Shared", "{A6BA8FC0-2152-4A50-BE03-75257C9268A1}"
EndProject
Project("{2150E333-8FDC-42A3-9474-1A3956D46DE8}") = "GameComponents", "GameComponents", "{FF5E8211-03A6-4547-8AE5-FEC06460AA47}"
EndProject
Project("{2150E333-8FDC-42A3-9474-1A3956D46DE8}") = "ResultCreator", "ResultCreator", "{35A945A5-14AA-46FD-9435-BB56865FF916}"
EndProject
Project("{2150E333-8FDC-42A3-9474-1A3956D46DE8}") = "MessageBus", "MessageBus", "{9A316A81-9901-4C73-9980-55F04BC188B3}"
EndProject
Project("{FAE04EC0-301F-11D3-BF4B-00C04F79EFBC}") = "Bunker.MessageBus.Abstractions", "src\Bunker.MessageBus.Abstractions\Bunker.MessageBus.Abstractions.csproj", "{E488E73D-920A-437F-A246-60AD7197C109}"
EndProject
Project("{FAE04EC0-301F-11D3-BF4B-00C04F79EFBC}") = "Bunker.MessageBus.Kafka", "src\Bunker.MessageBus.Kafka\Bunker.MessageBus.Kafka.csproj", "{9F73C605-17B0-49A5-A001-160504D0E1CF}"
EndProject
Project("{FAE04EC0-301F-11D3-BF4B-00C04F79EFBC}") = "Bunker.ResultCreator.Tests", "tests\Bunker.ResultCreator.Tests\Bunker.ResultCreator.Tests.csproj", "{94437676-ABE4-4F48-A8DA-AFD57029397F}"
EndProject
Global
	GlobalSection(SolutionConfigurationPlatforms) = preSolution
		Debug|Any CPU = Debug|Any CPU
		Release|Any CPU = Release|Any CPU
	EndGlobalSection
	GlobalSection(ProjectConfigurationPlatforms) = postSolution
		{05EE4BA4-C13C-406A-BD0C-4F31631ED938}.Debug|Any CPU.ActiveCfg = Debug|Any CPU
		{05EE4BA4-C13C-406A-BD0C-4F31631ED938}.Debug|Any CPU.Build.0 = Debug|Any CPU
		{05EE4BA4-C13C-406A-BD0C-4F31631ED938}.Release|Any CPU.ActiveCfg = Release|Any CPU
		{05EE4BA4-C13C-406A-BD0C-4F31631ED938}.Release|Any CPU.Build.0 = Release|Any CPU
		{55545976-E606-4F51-B34E-4EE970DDF327}.Debug|Any CPU.ActiveCfg = Debug|Any CPU
		{55545976-E606-4F51-B34E-4EE970DDF327}.Debug|Any CPU.Build.0 = Debug|Any CPU
		{55545976-E606-4F51-B34E-4EE970DDF327}.Release|Any CPU.ActiveCfg = Release|Any CPU
		{55545976-E606-4F51-B34E-4EE970DDF327}.Release|Any CPU.Build.0 = Release|Any CPU
		{B592E565-BC94-4440-B045-ACC75758557D}.Debug|Any CPU.ActiveCfg = Debug|Any CPU
		{B592E565-BC94-4440-B045-ACC75758557D}.Debug|Any CPU.Build.0 = Debug|Any CPU
		{B592E565-BC94-4440-B045-ACC75758557D}.Release|Any CPU.ActiveCfg = Release|Any CPU
		{B592E565-BC94-4440-B045-ACC75758557D}.Release|Any CPU.Build.0 = Release|Any CPU
		{C6749D39-DD06-4C88-AC9B-01F5EF464005}.Debug|Any CPU.ActiveCfg = Debug|Any CPU
		{C6749D39-DD06-4C88-AC9B-01F5EF464005}.Debug|Any CPU.Build.0 = Debug|Any CPU
		{C6749D39-DD06-4C88-AC9B-01F5EF464005}.Release|Any CPU.ActiveCfg = Release|Any CPU
		{C6749D39-DD06-4C88-AC9B-01F5EF464005}.Release|Any CPU.Build.0 = Release|Any CPU
		{E1A1CC12-9D15-453D-88E6-93A23B38CAEF}.Debug|Any CPU.ActiveCfg = Debug|Any CPU
		{E1A1CC12-9D15-453D-88E6-93A23B38CAEF}.Debug|Any CPU.Build.0 = Debug|Any CPU
		{E1A1CC12-9D15-453D-88E6-93A23B38CAEF}.Release|Any CPU.ActiveCfg = Release|Any CPU
		{E1A1CC12-9D15-453D-88E6-93A23B38CAEF}.Release|Any CPU.Build.0 = Release|Any CPU
		{6BEF85CF-0C89-49B9-AF37-CB28AA4BD12D}.Debug|Any CPU.ActiveCfg = Debug|Any CPU
		{6BEF85CF-0C89-49B9-AF37-CB28AA4BD12D}.Debug|Any CPU.Build.0 = Debug|Any CPU
		{6BEF85CF-0C89-49B9-AF37-CB28AA4BD12D}.Release|Any CPU.ActiveCfg = Release|Any CPU
		{6BEF85CF-0C89-49B9-AF37-CB28AA4BD12D}.Release|Any CPU.Build.0 = Release|Any CPU
		{BA4BFF28-628D-40DF-AD56-E340A754DC1C}.Debug|Any CPU.ActiveCfg = Debug|Any CPU
		{BA4BFF28-628D-40DF-AD56-E340A754DC1C}.Debug|Any CPU.Build.0 = Debug|Any CPU
		{BA4BFF28-628D-40DF-AD56-E340A754DC1C}.Release|Any CPU.ActiveCfg = Release|Any CPU
		{BA4BFF28-628D-40DF-AD56-E340A754DC1C}.Release|Any CPU.Build.0 = Release|Any CPU
		{6C366C53-CF72-484F-8223-B533E6488BA2}.Debug|Any CPU.ActiveCfg = Debug|Any CPU
		{6C366C53-CF72-484F-8223-B533E6488BA2}.Debug|Any CPU.Build.0 = Debug|Any CPU
		{6C366C53-CF72-484F-8223-B533E6488BA2}.Release|Any CPU.ActiveCfg = Release|Any CPU
		{6C366C53-CF72-484F-8223-B533E6488BA2}.Release|Any CPU.Build.0 = Release|Any CPU
		{E5D9BDE6-D89D-4461-8544-36472ACA9C15}.Debug|Any CPU.ActiveCfg = Debug|Any CPU
		{E5D9BDE6-D89D-4461-8544-36472ACA9C15}.Debug|Any CPU.Build.0 = Debug|Any CPU
		{E5D9BDE6-D89D-4461-8544-36472ACA9C15}.Release|Any CPU.ActiveCfg = Release|Any CPU
		{E5D9BDE6-D89D-4461-8544-36472ACA9C15}.Release|Any CPU.Build.0 = Release|Any CPU
		{3C889945-0B47-483B-B73E-29D9918A5395}.Debug|Any CPU.ActiveCfg = Debug|Any CPU
		{3C889945-0B47-483B-B73E-29D9918A5395}.Debug|Any CPU.Build.0 = Debug|Any CPU
		{3C889945-0B47-483B-B73E-29D9918A5395}.Release|Any CPU.ActiveCfg = Release|Any CPU
		{3C889945-0B47-483B-B73E-29D9918A5395}.Release|Any CPU.Build.0 = Release|Any CPU
		{4FF8C8FA-A678-4298-B6A7-2F77EE3359B3}.Debug|Any CPU.ActiveCfg = Debug|Any CPU
		{4FF8C8FA-A678-4298-B6A7-2F77EE3359B3}.Debug|Any CPU.Build.0 = Debug|Any CPU
		{4FF8C8FA-A678-4298-B6A7-2F77EE3359B3}.Release|Any CPU.ActiveCfg = Release|Any CPU
		{4FF8C8FA-A678-4298-B6A7-2F77EE3359B3}.Release|Any CPU.Build.0 = Release|Any CPU
		{E488E73D-920A-437F-A246-60AD7197C109}.Debug|Any CPU.ActiveCfg = Debug|Any CPU
		{E488E73D-920A-437F-A246-60AD7197C109}.Debug|Any CPU.Build.0 = Debug|Any CPU
		{E488E73D-920A-437F-A246-60AD7197C109}.Release|Any CPU.ActiveCfg = Release|Any CPU
		{E488E73D-920A-437F-A246-60AD7197C109}.Release|Any CPU.Build.0 = Release|Any CPU
		{9F73C605-17B0-49A5-A001-160504D0E1CF}.Debug|Any CPU.ActiveCfg = Debug|Any CPU
		{9F73C605-17B0-49A5-A001-160504D0E1CF}.Debug|Any CPU.Build.0 = Debug|Any CPU
		{9F73C605-17B0-49A5-A001-160504D0E1CF}.Release|Any CPU.ActiveCfg = Release|Any CPU
		{9F73C605-17B0-49A5-A001-160504D0E1CF}.Release|Any CPU.Build.0 = Release|Any CPU
		{94437676-ABE4-4F48-A8DA-AFD57029397F}.Debug|Any CPU.ActiveCfg = Debug|Any CPU
		{94437676-ABE4-4F48-A8DA-AFD57029397F}.Debug|Any CPU.Build.0 = Debug|Any CPU
		{94437676-ABE4-4F48-A8DA-AFD57029397F}.Release|Any CPU.ActiveCfg = Release|Any CPU
		{94437676-ABE4-4F48-A8DA-AFD57029397F}.Release|Any CPU.Build.0 = Release|Any CPU
	EndGlobalSection
	GlobalSection(SolutionProperties) = preSolution
		HideSolutionNode = FALSE
	EndGlobalSection
	GlobalSection(NestedProjects) = preSolution
		{05EE4BA4-C13C-406A-BD0C-4F31631ED938} = {A6BA8FC0-2152-4A50-BE03-75257C9268A1}
		{55545976-E606-4F51-B34E-4EE970DDF327} = {A6BA8FC0-2152-4A50-BE03-75257C9268A1}
		{B592E565-BC94-4440-B045-ACC75758557D} = {36D591C7-65C7-A0D1-1CBC-10CDE441BDC8}
		{C6749D39-DD06-4C88-AC9B-01F5EF464005} = {36D591C7-65C7-A0D1-1CBC-10CDE441BDC8}
		{E1A1CC12-9D15-453D-88E6-93A23B38CAEF} = {FF5E8211-03A6-4547-8AE5-FEC06460AA47}
		{6BEF85CF-0C89-49B9-AF37-CB28AA4BD12D} = {2BE0C0AC-3794-4A75-8C81-E58A9021AEA8}
		{BA4BFF28-628D-40DF-AD56-E340A754DC1C} = {36D591C7-65C7-A0D1-1CBC-10CDE441BDC8}
		{6C366C53-CF72-484F-8223-B533E6488BA2} = {2BE0C0AC-3794-4A75-8C81-E58A9021AEA8}
		{E5D9BDE6-D89D-4461-8544-36472ACA9C15} = {36D591C7-65C7-A0D1-1CBC-10CDE441BDC8}
		{3C889945-0B47-483B-B73E-29D9918A5395} = {A6BA8FC0-2152-4A50-BE03-75257C9268A1}
		{4FF8C8FA-A678-4298-B6A7-2F77EE3359B3} = {35A945A5-14AA-46FD-9435-BB56865FF916}
		{36D591C7-65C7-A0D1-1CBC-10CDE441BDC8} = {760DE308-11F0-46EF-BAFF-92D31554A202}
		{A6BA8FC0-2152-4A50-BE03-75257C9268A1} = {760DE308-11F0-46EF-BAFF-92D31554A202}
		{FF5E8211-03A6-4547-8AE5-FEC06460AA47} = {760DE308-11F0-46EF-BAFF-92D31554A202}
		{35A945A5-14AA-46FD-9435-BB56865FF916} = {760DE308-11F0-46EF-BAFF-92D31554A202}
		{9A316A81-9901-4C73-9980-55F04BC188B3} = {A6BA8FC0-2152-4A50-BE03-75257C9268A1}
		{E488E73D-920A-437F-A246-60AD7197C109} = {9A316A81-9901-4C73-9980-55F04BC188B3}
		{9F73C605-17B0-49A5-A001-160504D0E1CF} = {9A316A81-9901-4C73-9980-55F04BC188B3}
		{94437676-ABE4-4F48-A8DA-AFD57029397F} = {2BE0C0AC-3794-4A75-8C81-E58A9021AEA8}
	EndGlobalSection
	GlobalSection(ExtensibilityGlobals) = postSolution
		SolutionGuid = {6AF37E19-06FE-4451-8FBF-BF08279E4B7D}
	EndGlobalSection
EndGlobal
